relaydock.accounting.settlement
relaydock.contextpack.compile
relaydock.expert.lifecycle
relaydock.mcp.remote
relaydock.protocol.compiler
relaydock.routing.candidates
relaydock.runtime.gateway
relaydock.security.ssrf
relaydock.auth.virtualkey
relaydock.auth.virtualkey.contract
relaydock.command.controlctl
relaydock.command.controld
relaydock.command.dbmigrate
relaydock.command.expert-brokerd
relaydock.command.expertstorectl
relaydock.command.gatewayd
relaydock.command.headless
relaydock.command.keyctl
relaydock.command.mcp-bridge
relaydock.command.mcptokenctl
relaydock.command.outboxctl
relaydock.command.outboxd
relaydock.command.projectctl
relaydock.command.releasepack
relaydock.command.webhook-sink
relaydock.control.access
relaydock.control.access.contract
relaydock.control.snapshot
relaydock.control.snapshot.contract
relaydock.mcp.stdio
